
Microsoft Visual Studio Solution File, Format Version 12.00
# Visual Studio Version 16
VisualStudioVersion = 16.0.31105.61
MinimumVisualStudioVersion = 10.0.40219.1
Project("{9A19103F-16F7-4668-BE54-9A1E7A4F7556}") = "UserAuth", "UserAuth\UserAuth.csproj", "{5AB2847A-B9BA-4DB3-BD18-40CDAC6EAF4E}"
EndProject
Global
	GlobalSection(SolutionConfigurationPlatforms) = preSolution
		Debug|Any CPU = Debug|Any CPU
		Release|Any CPU = Release|Any CPU
	EndGlobalSection
	GlobalSection(ProjectConfigurationPlatforms) = postSolution
		{5AB2847A-B9BA-4DB3-BD18-40CDAC6EAF4E}.Debug|Any CPU.ActiveCfg = Debug|Any CPU
		{5AB2847A-B9BA-4DB3-BD18-40CDAC6EAF4E}.Debug|Any CPU.Build.0 = Debug|Any CPU
		{5AB2847A-B9BA-4DB3-BD18-40CDAC6EAF4E}.Release|Any CPU.ActiveCfg = Release|Any CPU
		{5AB2847A-B9BA-4DB3-BD18-40CDAC6EAF4E}.Release|Any CPU.Build.0 = Release|Any CPU
	EndGlobalSection
	GlobalSection(SolutionProperties) = preSolution
		HideSolutionNode = FALSE
	EndGlobalSection
	GlobalSection(ExtensibilityGlobals) = postSolution
		SolutionGuid = {C9A4651A-FF1E-4B87-8109-390F2F03B2D6}
	EndGlobalSection
EndGlobal
